
Microsoft Visual Studio Solution File, Format Version 12.00
# Visual Studio Version 17
VisualStudioVersion = 17.9.34701.34
MinimumVisualStudioVersion = 10.0.40219.1
Project("{9A19103F-16F7-4668-BE54-9A1E7A4F7556}") = "OpenStreetMapStaticMaps", "OpenStreetMapStaticMaps\OpenStreetMapStaticMaps.csproj", "{1A245BEB-B9D8-452D-B99D-998FA7D65202}"
EndProject
Project("{FAE04EC0-301F-11D3-BF4B-00C04F79EFBC}") = "OSMStaticMap", "OSMStaticMap\OSMStaticMap.csproj", "{C6A9C253-58F1-4B0C-B7C3-B1E1F430E702}"
EndProject
Global
	GlobalSection(SolutionConfigurationPlatforms) = preSolution
		Debug|Any CPU = Debug|Any CPU
		Release|Any CPU = Release|Any CPU
	EndGlobalSection
	GlobalSection(ProjectConfigurationPlatforms) = postSolution
		{1A245BEB-B9D8-452D-B99D-998FA7D65202}.Debug|Any CPU.ActiveCfg = Debug|Any CPU
		{1A245BEB-B9D8-452D-B99D-998FA7D65202}.Debug|Any CPU.Build.0 = Debug|Any CPU
		{1A245BEB-B9D8-452D-B99D-998FA7D65202}.Release|Any CPU.ActiveCfg = Release|Any CPU
		{1A245BEB-B9D8-452D-B99D-998FA7D65202}.Release|Any CPU.Build.0 = Release|Any CPU
		{C6A9C253-58F1-4B0C-B7C3-B1E1F430E702}.Debug|Any CPU.ActiveCfg = Debug|Any CPU
		{C6A9C253-58F1-4B0C-B7C3-B1E1F430E702}.Debug|Any CPU.Build.0 = Debug|Any CPU
		{C6A9C253-58F1-4B0C-B7C3-B1E1F430E702}.Release|Any CPU.ActiveCfg = Release|Any CPU
		{C6A9C253-58F1-4B0C-B7C3-B1E1F430E702}.Release|Any CPU.Build.0 = Release|Any CPU
	EndGlobalSection
	GlobalSection(SolutionProperties) = preSolution
		HideSolutionNode = FALSE
	EndGlobalSection
	GlobalSection(ExtensibilityGlobals) = postSolution
		SolutionGuid = {A61D846F-2AEC-4A93-9A41-DE3058F5B27E}
	EndGlobalSection
EndGlobal
